// !$*UTF8*$!
{
	archiveVersion = 1;
	classes = {
	};
	objectVersion = 55;
	objects = {

/* Begin PBXBuildFile section */
		90226F7F286550C0003830AA /* AppDelegate.swift in Sources */ = {isa = PBXBuildFile; fileRef = 90226F7E286550C0003830AA /* AppDelegate.swift */; };
		90226F81286550C0003830AA /* SceneDelegate.swift in Sources */ = {isa = PBXBuildFile; fileRef = 90226F80286550C0003830AA /* SceneDelegate.swift */; };
		90226F83286550C0003830AA /* ViewController.swift in Sources */ = {isa = PBXBuildFile; fileRef = 90226F82286550C0003830AA /* ViewController.swift */; };
		90226F86286550C0003830AA /* Main.storyboard in Resources */ = {isa = PBXBuildFile; fileRef = 90226F84286550C0003830AA /* Main.storyboard */; };
		90226F88286550C0003830AA /* Assets.xcassets in Resources */ = {isa = PBXBuildFile; fileRef = 90226F87286550C0003830AA /* Assets.xcassets */; };
		90226F8B286550C0003830AA /* LaunchScreen.storyboard in Resources */ = {isa = PBXBuildFile; fileRef = 90226F89286550C0003830AA /* LaunchScreen.storyboard */; };
		90226F9428655299003830AA /* 14348-just-a-pigeon.json in Resources */ = {isa = PBXBuildFile; fileRef = 90226F9328655299003830AA /* 14348-just-a-pigeon.json */; };
		F2699808441BD5D9EC3E011D /* Pods_LottieAnimation.framework in Frameworks */ = {isa = PBXBuildFile; fileRef = 72B8B46011CDD4FCCC2DF1F5 /* Pods_LottieAnimation.framework */; };
/* End PBXBuildFile section */

/* Begin PBXFileReference section */
		2778205675CC6B24DD4F220F /* Pods-LottieAnimation.release.xcconfig */ = {isa = PBXFileReference; includeInIndex = 1; lastKnownFileType = text.xcconfig; name = "Pods-LottieAnimation.release.xcconfig"; path = "Target Support Files/Pods-LottieAnimation/Pods-LottieAnimation.release.xcconfig"; sourceTree = "<group>"; };
		659CB8E521EB21B8E1B2799A /* Pods-LottieAnimation.debug.xcconfig */ = {isa = PBXFileReference; includeInIndex = 1; lastKnownFileType = text.xcconfig; name = "Pods-LottieAnimation.debug.xcconfig"; path = "Target Support Files/Pods-LottieAnimation/Pods-LottieAnimation.debug.xcconfig"; sourceTree = "<group>"; };
		72B8B46011CDD4FCCC2DF1F5 /* Pods_LottieAnimation.framework */ = {isa = PBXFileReference; explicitFileType = wrapper.framework; includeInIndex = 0; path = Pods_LottieAnimation.framework; sourceTree = BUILT_PRODUCTS_DIR; };
		90226F7B286550C0003830AA /* LottieAnimation.app */ = {isa = PBXFileReference; explicitFileType = wrapper.application; includeInIndex = 0; path = LottieAnimation.app; sourceTree = BUILT_PRODUCTS_DIR; };
		90226F7E286550C0003830AA /* AppDelegate.swift */ = {isa = PBXFileReference; lastKnownFileType = sourcecode.swift; path = AppDelegate.swift; sourceTree = "<group>"; };
		90226F80286550C0003830AA /* SceneDelegate.swift */ = {isa = PBXFileReference; lastKnownFileType = sourcecode.swift; path = SceneDelegate.swift; sourceTree = "<group>"; };
		90226F82286550C0003830AA /* ViewController.swift */ = {isa = PBXFileReference; lastKnownFileType = sourcecode.swift; path = ViewController.swift; sourceTree = "<group>"; };
		90226F85286550C0003830AA /* Base */ = {isa = PBXFileReference; lastKnownFileType = file.storyboard; name = Base; path = Base.lproj/Main.storyboard; sourceTree = "<group>"; };
		90226F87286550C0003830AA /* Assets.xcassets */ = {isa = PBXFileReference; lastKnownFileType = folder.assetcatalog; path = Assets.xcassets; sourceTree = "<group>"; };
		90226F8A286550C0003830AA /* Base */ = {isa = PBXFileReference; lastKnownFileType = file.storyboard; name = Base; path = Base.lproj/LaunchScreen.storyboard; sourceTree = "<group>"; };
		90226F8C286550C0003830AA /* Info.plist */ = {isa = PBXFileReference; lastKnownFileType = text.plist.xml; path = Info.plist; sourceTree = "<group>"; };
		90226F9328655299003830AA /* 14348-just-a-pigeon.json */ = {isa = PBXFileReference; fileEncoding = 4; lastKnownFileType = text.json; path = "14348-just-a-pigeon.json"; sourceTree = "<group>"; };
/* End PBXFileReference section */

/* Begin PBXFrameworksBuildPhase section */
		90226F78286550C0003830AA /* Frameworks */ = {
			isa = PBXFrameworksBuildPhase;
			buildActionMask = 2147483647;
			files = (
				F2699808441BD5D9EC3E011D /* Pods_LottieAnimation.framework in Frameworks */,
			);
			runOnlyForDeploymentPostprocessing = 0;
		};
/* End PBXFrameworksBuildPhase section */

/* Begin PBXGroup section */
		59360D53D9AAB590E01DE81D /* Pods */ = {
			isa = PBXGroup;
			children = (
				659CB8E521EB21B8E1B2799A /* Pods-LottieAnimation.debug.xcconfig */,
				2778205675CC6B24DD4F220F /* Pods-LottieAnimation.release.xcconfig */,
			);
			path = Pods;
			sourceTree = "<group>";
		};
		840437A9A89DC2FC445F3BA3 /* Frameworks */ = {
			isa = PBXGroup;
			children = (
				72B8B46011CDD4FCCC2DF1F5 /* Pods_LottieAnimation.framework */,
			);
			name = Frameworks;
			sourceTree = "<group>";
		};
		90226F72286550C0003830AA = {
			isa = PBXGroup;
			children = (
				90226F7D286550C0003830AA /* LottieAnimation */,
				90226F7C286550C0003830AA /* Products */,
				59360D53D9AAB590E01DE81D /* Pods */,
				840437A9A89DC2FC445F3BA3 /* Frameworks */,
			);
			sourceTree = "<group>";
		};
		90226F7C286550C0003830AA /* Products */ = {
			isa = PBXGroup;
			children = (
				90226F7B286550C0003830AA /* LottieAnimation.app */,
			);
			name = Products;
			sourceTree = "<group>";
		};
		90226F7D286550C0003830AA /* LottieAnimation */ = {
			isa = PBXGroup;
			children = (
				90226F9328655299003830AA /* 14348-just-a-pigeon.json */,
				90226F922865518B003830AA /* ViewController */,
				90226F7E286550C0003830AA /* AppDelegate.swift */,
				90226F80286550C0003830AA /* SceneDelegate.swift */,
				90226F84286550C0003830AA /* Main.storyboard */,
				90226F87286550C0003830AA /* Assets.xcassets */,
				90226F89286550C0003830AA /* LaunchScreen.storyboard */,
				90226F8C286550C0003830AA /* Info.plist */,
			);
			path = LottieAnimation;
			sourceTree = "<group>";
		};
		90226F922865518B003830AA /* ViewController */ = {
			isa = PBXGroup;
			children = (
				90226F82286550C0003830AA /* ViewController.swift */,
			);
			path = ViewController;
			sourceTree = "<group>";
		};
/* End PBXGroup section */

/* Begin PBXNativeTarget section */
		90226F7A286550C0003830AA /* LottieAnimation */ = {
			isa = PBXNativeTarget;
			buildConfigurationList = 90226F8F286550C0003830AA /* Build configuration list for PBXNativeTarget "LottieAnimation" */;
			buildPhases = (
				33F8EC9A84CC1C120B51D740 /* [CP] Check Pods Manifest.lock */,
				90226F77286550C0003830AA /* Sources */,
				90226F78286550C0003830AA /* Frameworks */,
				90226F79286550C0003830AA /* Resources */,
				350D81A3F45F5052976662B6 /* [CP] Embed Pods Frameworks */,
			);
			buildRules = (
			);
			dependencies = (
			);
			name = LottieAnimation;
			productName = LottieAnimation;
			productReference = 90226F7B286550C0003830AA /* LottieAnimation.app */;
			productType = "com.apple.product-type.application";
		};
/* End PBXNativeTarget section */

/* Begin PBXProject section */
		90226F73286550C0003830AA /* Project object */ = {
			isa = PBXProject;
			attributes = {
				BuildIndependentTargetsInParallel = 1;
				LastSwiftUpdateCheck = 1340;
				LastUpgradeCheck = 1340;
				TargetAttributes = {
					90226F7A286550C0003830AA = {
						CreatedOnToolsVersion = 13.4.1;
					};
				};
			};
			buildConfigurationList = 90226F76286550C0003830AA /* Build configuration list for PBXProject "LottieAnimation" */;
			compatibilityVersion = "Xcode 13.0";
			developmentRegion = en;
			hasScannedForEncodings = 0;
			knownRegions = (
				en,
				Base,
			);
			mainGroup = 90226F72286550C0003830AA;
			productRefGroup = 90226F7C286550C0003830AA /* Products */;
			projectDirPath = "";
			projectRoot = "";
			targets = (
				90226F7A286550C0003830AA /* LottieAnimation */,
			);
		};
/* End PBXProject section */

/* Begin PBXResourcesBuildPhase section */
		90226F79286550C0003830AA /* Resources */ = {
			isa = PBXResourcesBuildPhase;
			buildActionMask = 2147483647;
			files = (
				90226F9428655299003830AA /* 14348-just-a-pigeon.json in Resources */,
				90226F8B286550C0003830AA /* LaunchScreen.storyboard in Resources */,
				90226F88286550C0003830AA /* Assets.xcassets in Resources */,
				90226F86286550C0003830AA /* Main.storyboard in Resources */,
			);
			runOnlyForDeploymentPostprocessing = 0;
		};
/* End PBXResourcesBuildPhase section */

/* Begin PBXShellScriptBuildPhase section */
		33F8EC9A84CC1C120B51D740 /* [CP] Check Pods Manifest.lock */ = {
			isa = PBXShellScriptBuildPhase;
			buildActionMask = 2147483647;
			files = (
			);
			inputFileListPaths = (
			);
			inputPaths = (
				"${PODS_PODFILE_DIR_PATH}/Podfile.lock",
				"${PODS_ROOT}/Manifest.lock",
			);
			name = "[CP] Check Pods Manifest.lock";
			outputFileListPaths = (
			);
			outputPaths = (
				"$(DERIVED_FILE_DIR)/Pods-LottieAnimation-checkManifestLockResult.txt",
			);
			runOnlyForDeploymentPostprocessing = 0;
			shellPath = /bin/sh;
			shellScript = "diff \"${PODS_PODFILE_DIR_PATH}/Podfile.lock\" \"${PODS_ROOT}/Manifest.lock\" > /dev/null\nif [ $? != 0 ] ; then\n    # print error to STDERR\n    echo \"error: The sandbox is not in sync with the Podfile.lock. Run 'pod install' or update your CocoaPods installation.\" >&2\n    exit 1\nfi\n# This output is used by Xcode 'outputs' to avoid re-running this script phase.\necho \"SUCCESS\" > \"${SCRIPT_OUTPUT_FILE_0}\"\n";
			showEnvVarsInLog = 0;
		};
		350D81A3F45F5052976662B6 /* [CP] Embed Pods Frameworks */ = {
			isa = PBXShellScriptBuildPhase;
			buildActionMask = 2147483647;
			files = (
			);
			inputFileListPaths = (
				"${PODS_ROOT}/Target Support Files/Pods-LottieAnimation/Pods-LottieAnimation-frameworks-${CONFIGURATION}-input-files.xcfilelist",
			);
			name = "[CP] Embed Pods Frameworks";
			outputFileListPaths = (
				"${PODS_ROOT}/Target Support Files/Pods-LottieAnimation/Pods-LottieAnimation-frameworks-${CONFIGURATION}-output-files.xcfilelist",
			);
			runOnlyForDeploymentPostprocessing = 0;
			shellPath = /bin/sh;
			shellScript = "\"${PODS_ROOT}/Target Support Files/Pods-LottieAnimation/Pods-LottieAnimation-frameworks.sh\"\n";
			showEnvVarsInLog = 0;
		};
/* End PBXShellScriptBuildPhase section */

/* Begin PBXSourcesBuildPhase section */
		90226F77286550C0003830AA /* Sources */ = {
			isa = PBXSourcesBuildPhase;
			buildActionMask = 2147483647;
			files = (
				90226F83286550C0003830AA /* ViewController.swift in Sources */,
				90226F7F286550C0003830AA /* AppDelegate.swift in Sources */,
				90226F81286550C0003830AA /* SceneDelegate.swift in Sources */,
			);
			runOnlyForDeploymentPostprocessing = 0;
		};
/* End PBXSourcesBuildPhase section */

/* Begin PBXVariantGroup section */
		90226F84286550C0003830AA /* Main.storyboard */ = {
			isa = PBXVariantGroup;
			children = (
				90226F85286550C0003830AA /* Base */,
			);
			name = Main.storyboard;
			sourceTree = "<group>";
		};
		90226F89286550C0003830AA /* LaunchScreen.storyboard */ = {
			isa = PBXVariantGroup;
			children = (
				90226F8A286550C0003830AA /* Base */,
			);
			name = LaunchScreen.storyboard;
			sourceTree = "<group>";
		};
/* End PBXVariantGroup section */

/* Begin XCBuildConfiguration section */
		90226F8D286550C0003830AA /* Debug */ = {
			isa = XCBuildConfiguration;
			buildSettings = {
				ALWAYS_SEARCH_USER_PATHS = NO;
				CLANG_ANALYZER_NONNULL = YES;
				CLANG_ANALYZER_NUMBER_OBJECT_CONVERSION = YES_AGGRESSIVE;
				CLANG_CXX_LANGUAGE_STANDARD = "gnu++17";
				CLANG_ENABLE_MODULES = YES;
				CLANG_ENABLE_OBJC_ARC = YES;
				CLANG_ENABLE_OBJC_WEAK = YES;
				CLANG_WARN_BLOCK_CAPTURE_AUTORELEASING = YES;
				CLANG_WARN_BOOL_CONVERSION = YES;
				CLANG_WARN_COMMA = YES;
				CLANG_WARN_CONSTANT_CONVERSION = YES;
				CLANG_WARN_DEPRECATED_OBJC_IMPLEMENTATIONS = YES;
				CLANG_WARN_DIRECT_OBJC_ISA_USAGE = YES_ERROR;
				CLANG_WARN_DOCUMENTATION_COMMENTS = YES;
				CLANG_WARN_EMPTY_BODY = YES;
				CLANG_WARN_ENUM_CONVERSION = YES;
				CLANG_WARN_INFINITE_RECURSION = YES;
				CLANG_WARN_INT_CONVERSION = YES;
				CLANG_WARN_NON_LITERAL_NULL_CONVERSION = YES;
				CLANG_WARN_OBJC_IMPLICIT_RETAIN_SELF = YES;
				CLANG_WARN_OBJC_LITERAL_CONVERSION = YES;
				CLANG_WARN_OBJC_ROOT_CLASS = YES_ERROR;
				CLANG_WARN_QUOTED_INCLUDE_IN_FRAMEWORK_HEADER = YES;
				CLANG_WARN_RANGE_LOOP_ANALYSIS = YES;
				CLANG_WARN_STRICT_PROTOTYPES = YES;
				CLANG_WARN_SUSPICIOUS_MOVE = YES;
				CLANG_WARN_UNGUARDED_AVAILABILITY = YES_AGGRESSIVE;
				CLANG_WARN_UNREACHABLE_CODE = YES;
				CLANG_WARN__DUPLICATE_METHOD_MATCH = YES;
				COPY_PHASE_STRIP = NO;
				DEBUG_INFORMATION_FORMAT = dwarf;
				ENABLE_STRICT_OBJC_MSGSEND = YES;
				ENABLE_TESTABILITY = YES;
				GCC_C_LANGUAGE_STANDARD = gnu11;
				GCC_DYNAMIC_NO_PIC = NO;
				GCC_NO_COMMON_BLOCKS = YES;
				GCC_OPTIMIZATION_LEVEL = 0;
				GCC_PREPROCESSOR_DEFINITIONS = (
					"DEBUG=1",
					"$(inherited)",
				);
				GCC_WARN_64_TO_32_BIT_CONVERSION = YES;
				GCC_WARN_ABOUT_RETURN_TYPE = YES_ERROR;
				GCC_WARN_UNDECLARED_SELECTOR = YES;
				GCC_WARN_UNINITIALIZED_AUTOS = YES_AGGRESSIVE;
				GCC_WARN_UNUSED_FUNCTION = YES;
				GCC_WARN_UNUSED_VARIABLE = YES;
				IPHONEOS_DEPLOYMENT_TARGET = 15.5;
				MTL_ENABLE_DEBUG_INFO = INCLUDE_SOURCE;
				MTL_FAST_MATH = YES;
				ONLY_ACTIVE_ARCH = YES;
				SDKROOT = iphoneos;
				SWIFT_ACTIVE_COMPILATION_CONDITIONS = DEBUG;
				SWIFT_OPTIMIZATION_LEVEL = "-Onone";
			};
			name = Debug;
		};
		90226F8E286550C0003830AA /* Release */ = {
			isa = XCBuildConfiguration;
			buildSettings = {
				ALWAYS_SEARCH_USER_PATHS = NO;
				CLANG_ANALYZER_NONNULL = YES;
				CLANG_ANALYZER_NUMBER_OBJECT_CONVERSION = YES_AGGRESSIVE;
				CLANG_CXX_LANGUAGE_STANDARD = "gnu++17";
				CLANG_ENABLE_MODULES = YES;
				CLANG_ENABLE_OBJC_ARC = YES;
				CLANG_ENABLE_OBJC_WEAK = YES;
				CLANG_WARN_BLOCK_CAPTURE_AUTORELEASING = YES;
				CLANG_WARN_BOOL_CONVERSION = YES;
				CLANG_WARN_COMMA = YES;
				CLANG_WARN_CONSTANT_CONVERSION = YES;
				CLANG_WARN_DEPRECATED_OBJC_IMPLEMENTATIONS = YES;
				CLANG_WARN_DIRECT_OBJC_ISA_USAGE = YES_ERROR;
				CLANG_WARN_DOCUMENTATION_COMMENTS = YES;
				CLANG_WARN_EMPTY_BODY = YES;
				CLANG_WARN_ENUM_CONVERSION = YES;
				CLANG_WARN_INFINITE_RECURSION = YES;
				CLANG_WARN_INT_CONVERSION = YES;
				CLANG_WARN_NON_LITERAL_NULL_CONVERSION = YES;
				CLANG_WARN_OBJC_IMPLICIT_RETAIN_SELF = YES;
				CLANG_WARN_OBJC_LITERAL_CONVERSION = YES;
				CLANG_WARN_OBJC_ROOT_CLASS = YES_ERROR;
				CLANG_WARN_QUOTED_INCLUDE_IN_FRAMEWORK_HEADER = YES;
				CLANG_WARN_RANGE_LOOP_ANALYSIS = YES;
				CLANG_WARN_STRICT_PROTOTYPES = YES;
				CLANG_WARN_SUSPICIOUS_MOVE = YES;
				CLANG_WARN_UNGUARDED_AVAILABILITY = YES_AGGRESSIVE;
				CLANG_WARN_UNREACHABLE_CODE = YES;
				CLANG_WARN__DUPLICATE_METHOD_MATCH = YES;
				COPY_PHASE_STRIP = NO;
				DEBUG_INFORMATION_FORMAT = "dwarf-with-dsym";
				ENABLE_NS_ASSERTIONS = NO;
				ENABLE_STRICT_OBJC_MSGSEND = YES;
				GCC_C_LANGUAGE_STANDARD = gnu11;
				GCC_NO_COMMON_BLOCKS = YES;
				GCC_WARN_64_TO_32_BIT_CONVERSION = YES;
				GCC_WARN_ABOUT_RETURN_TYPE = YES_ERROR;
				GCC_WARN_UNDECLARED_SELECTOR = YES;
				GCC_WARN_UNINITIALIZED_AUTOS = YES_AGGRESSIVE;
				GCC_WARN_UNUSED_FUNCTION = YES;
				GCC_WARN_UNUSED_VARIABLE = YES;
				IPHONEOS_DEPLOYMENT_TARGET = 15.5;
				MTL_ENABLE_DEBUG_INFO = NO;
				MTL_FAST_MATH = YES;
				SDKROOT = iphoneos;
				SWIFT_COMPILATION_MODE = wholemodule;
				SWIFT_OPTIMIZATION_LEVEL = "-O";
				VALIDATE_PRODUCT = YES;
			};
			name = Release;
		};
		90226F90286550C0003830AA /* Debug */ = {
			isa = XCBuildConfiguration;
			baseConfigurationReference = 659CB8E521EB21B8E1B2799A /* Pods-LottieAnimation.debug.xcconfig */;
			buildSettings = {
				ASSETCATALOG_COMPILER_APPICON_NAME = AppIcon;
				ASSETCATALOG_COMPILER_GLOBAL_ACCENT_COLOR_NAME = AccentColor;
				CODE_SIGN_STYLE = Automatic;
				CURRENT_PROJECT_VERSION = 1;
				GENERATE_INFOPLIST_FILE = YES;
				INFOPLIST_FILE = LottieAnimation/Info.plist;
				INFOPLIST_KEY_UIApplicationSupportsIndirectInputEvents = YES;
				INFOPLIST_KEY_UILaunchStoryboardName = LaunchScreen;
				INFOPLIST_KEY_UIMainStoryboardFile = Main;
				INFOPLIST_KEY_UISupportedInterfaceOrientations_iPad = "UIInterfaceOrientationPortrait UIInterfaceOrientationPortraitUpsideDown UIInterfaceOrientationLandscapeLeft UIInterfaceOrientationLandscapeRight";
				INFOPLIST_KEY_UISupportedInterfaceOrientations_iPhone = "UIInterfaceOrientationPortrait UIInterfaceOrientationLandscapeLeft UIInterfaceOrientationLandscapeRight";
				LD_RUNPATH_SEARCH_PATHS = (
					"$(inherited)",
					"@executable_path/Frameworks",
				);
				MARKETING_VERSION = 1.0;
				PRODUCT_BUNDLE_IDENTIFIER = com.test.LottieAnimation;
				PRODUCT_NAME = "$(TARGET_NAME)";
				SWIFT_EMIT_LOC_STRINGS = YES;
				SWIFT_VERSION = 5.0;
				TARGETED_DEVICE_FAMILY = "1,2";
			};
			name = Debug;
		};
		90226F91286550C0003830AA /* Release */ = {
			isa = XCBuildConfiguration;
			baseConfigurationReference = 2778205675CC6B24DD4F220F /* Pods-LottieAnimation.release.xcconfig */;
			buildSettings = {
				ASSETCATALOG_COMPILER_APPICON_NAME = AppIcon;
				ASSETCATALOG_COMPILER_GLOBAL_ACCENT_COLOR_NAME = AccentColor;
				CODE_SIGN_STYLE = Automatic;
				CURRENT_PROJECT_VERSION = 1;
				GENERATE_INFOPLIST_FILE = YES;
				INFOPLIST_FILE = LottieAnimation/Info.plist;
				INFOPLIST_KEY_UIApplicationSupportsIndirectInputEvents = YES;
				INFOPLIST_KEY_UILaunchStoryboardName = LaunchScreen;
				INFOPLIST_KEY_UIMainStoryboardFile = Main;
				INFOPLIST_KEY_UISupportedInterfaceOrientations_iPad = "UIInterfaceOrientationPortrait UIInterfaceOrientationPortraitUpsideDown UIInterfaceOrientationLandscapeLeft UIInterfaceOrientationLandscapeRight";
				INFOPLIST_KEY_UISupportedInterfaceOrientations_iPhone = "UIInterfaceOrientationPortrait UIInterfaceOrientationLandscapeLeft UIInterfaceOrientationLandscapeRight";
				LD_RUNPATH_SEARCH_PATHS = (
					"$(inherited)",
					"@executable_path/Frameworks",
				);
				MARKETING_VERSION = 1.0;
				PRODUCT_BUNDLE_IDENTIFIER = com.test.LottieAnimation;
				PRODUCT_NAME = "$(TARGET_NAME)";
				SWIFT_EMIT_LOC_STRINGS = YES;
				SWIFT_VERSION = 5.0;
				TARGETED_DEVICE_FAMILY = "1,2";
			};
			name = Release;
		};
/* End XCBuildConfiguration section */

/* Begin XCConfigurationList section */
		90226F76286550C0003830AA /* Build configuration list for PBXProject "LottieAnimation" */ = {
			isa = XCConfigurationList;
			buildConfigurations = (
				90226F8D286550C0003830AA /* Debug */,
				90226F8E286550C0003830AA /* Release */,
			);
			defaultConfigurationIsVisible = 0;
			defaultConfigurationName = Release;
		};
		90226F8F286550C0003830AA /* Build configuration list for PBXNativeTarget "LottieAnimation" */ = {
			isa = XCConfigurationList;
			buildConfigurations = (
				90226F90286550C0003830AA /* Debug */,
				90226F91286550C0003830AA /* Release */,
			);
			defaultConfigurationIsVisible = 0;
			defaultConfigurationName = Release;
		};
/* End XCConfigurationList section */
	};
	rootObject = 90226F73286550C0003830AA /* Project object */;
}
